
Microsoft Visual Studio Solution File, Format Version 12.00
# Visual Studio Version 17
VisualStudioVersion = 17.10.35027.167
MinimumVisualStudioVersion = 10.0.40219.1
Project("{FAE04EC0-301F-11D3-BF4B-00C04F79EFBC}") = "PatitasFelices", "PatitasFelices\PatitasFelices.csproj", "{40DCB6A0-BE35-4474-8919-99B00ECA37A4}"
EndProject
Project("{FAE04EC0-301F-11D3-BF4B-00C04F79EFBC}") = "Dominio", "Dominio\Dominio.csproj", "{55096D78-CA63-4911-9A47-CFE2A4D19EAE}"
EndProject
Project("{FAE04EC0-301F-11D3-BF4B-00C04F79EFBC}") = "Negocio", "Negocio\Negocio.csproj", "{26A8BDBD-2EA5-4EA3-B2F8-DE576F084EFE}"
EndProject
Global
	GlobalSection(SolutionConfigurationPlatforms) = preSolution
		Debug|Any CPU = Debug|Any CPU
		Release|Any CPU = Release|Any CPU
	EndGlobalSection
	GlobalSection(ProjectConfigurationPlatforms) = postSolution
		{40DCB6A0-BE35-4474-8919-99B00ECA37A4}.Debug|Any CPU.ActiveCfg = Debug|Any CPU
		{40DCB6A0-BE35-4474-8919-99B00ECA37A4}.Debug|Any CPU.Build.0 = Debug|Any CPU
		{40DCB6A0-BE35-4474-8919-99B00ECA37A4}.Release|Any CPU.ActiveCfg = Release|Any CPU
		{40DCB6A0-BE35-4474-8919-99B00ECA37A4}.Release|Any CPU.Build.0 = Release|Any CPU
		{55096D78-CA63-4911-9A47-CFE2A4D19EAE}.Debug|Any CPU.ActiveCfg = Debug|Any CPU
		{55096D78-CA63-4911-9A47-CFE2A4D19EAE}.Debug|Any CPU.Build.0 = Debug|Any CPU
		{55096D78-CA63-4911-9A47-CFE2A4D19EAE}.Release|Any CPU.ActiveCfg = Release|Any CPU
		{55096D78-CA63-4911-9A47-CFE2A4D19EAE}.Release|Any CPU.Build.0 = Release|Any CPU
		{26A8BDBD-2EA5-4EA3-B2F8-DE576F084EFE}.Debug|Any CPU.ActiveCfg = Debug|Any CPU
		{26A8BDBD-2EA5-4EA3-B2F8-DE576F084EFE}.Debug|Any CPU.Build.0 = Debug|Any CPU
		{26A8BDBD-2EA5-4EA3-B2F8-DE576F084EFE}.Release|Any CPU.ActiveCfg = Release|Any CPU
		{26A8BDBD-2EA5-4EA3-B2F8-DE576F084EFE}.Release|Any CPU.Build.0 = Release|Any CPU
	EndGlobalSection
	GlobalSection(SolutionProperties) = preSolution
		HideSolutionNode = FALSE
	EndGlobalSection
	GlobalSection(ExtensibilityGlobals) = postSolution
		SolutionGuid = {9AC0197E-CF63-4A95-95B5-5037A2C68E50}
	EndGlobalSection
EndGlobal
